
Microsoft Visual Studio Solution File, Format Version 12.00
# Visual Studio Version 17
VisualStudioVersion = 17.8.34511.84
MinimumVisualStudioVersion = 10.0.40219.1
Project("{9A19103F-16F7-4668-BE54-9A1E7A4F7556}") = "LocalFetch", "LocalFetch\LocalFetch.csproj", "{4E0C3DA9-02FB-411B-B52D-7D24AD7E7184}"
EndProject
Project("{9A19103F-16F7-4668-BE54-9A1E7A4F7556}") = "LocalFetch.API", "LocalFetch.API\LocalFetch.API.csproj", "{9AB6DBDE-D06E-4CFF-BDED-61731681AFEB}"
EndProject
Project("{FAE04EC0-301F-11D3-BF4B-00C04F79EFBC}") = "LocalFetch.Shared", "LocalFetch.Shared\LocalFetch.Shared.csproj", "{8C5CD8A1-1728-44D5-817D-897A5041E46F}"
EndProject
Project("{FAE04EC0-301F-11D3-BF4B-00C04F79EFBC}") = "CUE4Parse", "Dependencies\CUE4Parse\CUE4Parse\CUE4Parse.csproj", "{E5ACCA01-3D7E-460A-AAAB-C8C03FB1FE0F}"
EndProject
Project("{FAE04EC0-301F-11D3-BF4B-00C04F79EFBC}") = "CUE4Parse-Conversion", "Dependencies\CUE4Parse\CUE4Parse-Conversion\CUE4Parse-Conversion.csproj", "{68C4EBD1-973C-4082-A2E2-D5E33FD4993D}"
EndProject
Global
	GlobalSection(SolutionConfigurationPlatforms) = preSolution
		Debug|Any CPU = Debug|Any CPU
		Release|Any CPU = Release|Any CPU
	EndGlobalSection
	GlobalSection(ProjectConfigurationPlatforms) = postSolution
		{4E0C3DA9-02FB-411B-B52D-7D24AD7E7184}.Debug|Any CPU.ActiveCfg = Debug|Any CPU
		{4E0C3DA9-02FB-411B-B52D-7D24AD7E7184}.Debug|Any CPU.Build.0 = Debug|Any CPU
		{4E0C3DA9-02FB-411B-B52D-7D24AD7E7184}.Release|Any CPU.ActiveCfg = Release|Any CPU
		{4E0C3DA9-02FB-411B-B52D-7D24AD7E7184}.Release|Any CPU.Build.0 = Release|Any CPU
		{9AB6DBDE-D06E-4CFF-BDED-61731681AFEB}.Debug|Any CPU.ActiveCfg = Debug|Any CPU
		{9AB6DBDE-D06E-4CFF-BDED-61731681AFEB}.Debug|Any CPU.Build.0 = Debug|Any CPU
		{9AB6DBDE-D06E-4CFF-BDED-61731681AFEB}.Release|Any CPU.ActiveCfg = Release|Any CPU
		{9AB6DBDE-D06E-4CFF-BDED-61731681AFEB}.Release|Any CPU.Build.0 = Release|Any CPU
		{8C5CD8A1-1728-44D5-817D-897A5041E46F}.Debug|Any CPU.ActiveCfg = Debug|Any CPU
		{8C5CD8A1-1728-44D5-817D-897A5041E46F}.Debug|Any CPU.Build.0 = Debug|Any CPU
		{8C5CD8A1-1728-44D5-817D-897A5041E46F}.Release|Any CPU.ActiveCfg = Release|Any CPU
		{8C5CD8A1-1728-44D5-817D-897A5041E46F}.Release|Any CPU.Build.0 = Release|Any CPU
		{E5ACCA01-3D7E-460A-AAAB-C8C03FB1FE0F}.Debug|Any CPU.ActiveCfg = Debug|Any CPU
		{E5ACCA01-3D7E-460A-AAAB-C8C03FB1FE0F}.Debug|Any CPU.Build.0 = Debug|Any CPU
		{E5ACCA01-3D7E-460A-AAAB-C8C03FB1FE0F}.Release|Any CPU.ActiveCfg = Release|Any CPU
		{E5ACCA01-3D7E-460A-AAAB-C8C03FB1FE0F}.Release|Any CPU.Build.0 = Release|Any CPU
		{68C4EBD1-973C-4082-A2E2-D5E33FD4993D}.Debug|Any CPU.ActiveCfg = Debug|Any CPU
		{68C4EBD1-973C-4082-A2E2-D5E33FD4993D}.Debug|Any CPU.Build.0 = Debug|Any CPU
		{68C4EBD1-973C-4082-A2E2-D5E33FD4993D}.Release|Any CPU.ActiveCfg = Release|Any CPU
		{68C4EBD1-973C-4082-A2E2-D5E33FD4993D}.Release|Any CPU.Build.0 = Release|Any CPU
	EndGlobalSection
	GlobalSection(SolutionProperties) = preSolution
		HideSolutionNode = FALSE
	EndGlobalSection
	GlobalSection(ExtensibilityGlobals) = postSolution
		SolutionGuid = {74DB1DAA-08C2-420C-B714-E8FDBC79FDFC}
	EndGlobalSection
EndGlobal
